// !$*UTF8*$!
{
	archiveVersion = 1;
	classes = {
	};
	objectVersion = 55;
	objects = {

/* Begin PBXBuildFile section */
		AAC15B7DA5F5F3C01ECB6FB5 /* Pods_CurrencyExchange.framework in Frameworks */ = {isa = PBXBuildFile; fileRef = 227B3DABF63E5875E2B7084D /* Pods_CurrencyExchange.framework */; };
		DC48569E27220086000F99B2 /* AppDelegate.swift in Sources */ = {isa = PBXBuildFile; fileRef = DC48569D27220086000F99B2 /* AppDelegate.swift */; };
		DC4856A027220086000F99B2 /* SceneDelegate.swift in Sources */ = {isa = PBXBuildFile; fileRef = DC48569F27220086000F99B2 /* SceneDelegate.swift */; };
		DC4856A227220086000F99B2 /* ViewController.swift in Sources */ = {isa = PBXBuildFile; fileRef = DC4856A127220086000F99B2 /* ViewController.swift */; };
		DC4856A527220086000F99B2 /* Main.storyboard in Resources */ = {isa = PBXBuildFile; fileRef = DC4856A327220086000F99B2 /* Main.storyboard */; };
		DC4856A727220087000F99B2 /* Assets.xcassets in Resources */ = {isa = PBXBuildFile; fileRef = DC4856A627220087000F99B2 /* Assets.xcassets */; };
		DC4856AA27220087000F99B2 /* LaunchScreen.storyboard in Resources */ = {isa = PBXBuildFile; fileRef = DC4856A827220087000F99B2 /* LaunchScreen.storyboard */; };
/* End PBXBuildFile section */

/* Begin PBXFileReference section */
		227B3DABF63E5875E2B7084D /* Pods_CurrencyExchange.framework */ = {isa = PBXFileReference; explicitFileType = wrapper.framework; includeInIndex = 0; path = Pods_CurrencyExchange.framework; sourceTree = BUILT_PRODUCTS_DIR; };
		4899643EA279E686AD577E96 /* Pods-CurrencyExchange.debug.xcconfig */ = {isa = PBXFileReference; includeInIndex = 1; lastKnownFileType = text.xcconfig; name = "Pods-CurrencyExchange.debug.xcconfig"; path = "Target Support Files/Pods-CurrencyExchange/Pods-CurrencyExchange.debug.xcconfig"; sourceTree = "<group>"; };
		B2E5337141E2ED906EF42EBF /* Pods-CurrencyExchange.release.xcconfig */ = {isa = PBXFileReference; includeInIndex = 1; lastKnownFileType = text.xcconfig; name = "Pods-CurrencyExchange.release.xcconfig"; path = "Target Support Files/Pods-CurrencyExchange/Pods-CurrencyExchange.release.xcconfig"; sourceTree = "<group>"; };
		DC48569A27220086000F99B2 /* CurrencyExchange.app */ = {isa = PBXFileReference; explicitFileType = wrapper.application; includeInIndex = 0; path = CurrencyExchange.app; sourceTree = BUILT_PRODUCTS_DIR; };
		DC48569D27220086000F99B2 /* AppDelegate.swift */ = {isa = PBXFileReference; lastKnownFileType = sourcecode.swift; path = AppDelegate.swift; sourceTree = "<group>"; };
		DC48569F27220086000F99B2 /* SceneDelegate.swift */ = {isa = PBXFileReference; lastKnownFileType = sourcecode.swift; path = SceneDelegate.swift; sourceTree = "<group>"; };
		DC4856A127220086000F99B2 /* ViewController.swift */ = {isa = PBXFileReference; lastKnownFileType = sourcecode.swift; path = ViewController.swift; sourceTree = "<group>"; };
		DC4856A427220086000F99B2 /* Base */ = {isa = PBXFileReference; lastKnownFileType = file.storyboard; name = Base; path = Base.lproj/Main.storyboard; sourceTree = "<group>"; };
		DC4856A627220087000F99B2 /* Assets.xcassets */ = {isa = PBXFileReference; lastKnownFileType = folder.assetcatalog; path = Assets.xcassets; sourceTree = "<group>"; };
		DC4856A927220087000F99B2 /* Base */ = {isa = PBXFileReference; lastKnownFileType = file.storyboard; name = Base; path = Base.lproj/LaunchScreen.storyboard; sourceTree = "<group>"; };
		DC4856AB27220087000F99B2 /* Info.plist */ = {isa = PBXFileReference; lastKnownFileType = text.plist.xml; path = Info.plist; sourceTree = "<group>"; };
/* End PBXFileReference section */

/* Begin PBXFrameworksBuildPhase section */
		DC48569727220086000F99B2 /* Frameworks */ = {
			isa = PBXFrameworksBuildPhase;
			buildActionMask = 2147483647;
			files = (
				AAC15B7DA5F5F3C01ECB6FB5 /* Pods_CurrencyExchange.framework in Frameworks */,
			);
			runOnlyForDeploymentPostprocessing = 0;
		};
/* End PBXFrameworksBuildPhase section */

/* Begin PBXGroup section */
		3DE4B4ECE613B5327FC1670F /* Frameworks */ = {
			isa = PBXGroup;
			children = (
				227B3DABF63E5875E2B7084D /* Pods_CurrencyExchange.framework */,
			);
			name = Frameworks;
			sourceTree = "<group>";
		};
		6350A116BE666462C61FEA8D /* Pods */ = {
			isa = PBXGroup;
			children = (
				4899643EA279E686AD577E96 /* Pods-CurrencyExchange.debug.xcconfig */,
				B2E5337141E2ED906EF42EBF /* Pods-CurrencyExchange.release.xcconfig */,
			);
			path = Pods;
			sourceTree = "<group>";
		};
		DC48569127220086000F99B2 = {
			isa = PBXGroup;
			children = (
				DC48569C27220086000F99B2 /* CurrencyExchange */,
				DC48569B27220086000F99B2 /* Products */,
				6350A116BE666462C61FEA8D /* Pods */,
				3DE4B4ECE613B5327FC1670F /* Frameworks */,
			);
			sourceTree = "<group>";
		};
		DC48569B27220086000F99B2 /* Products */ = {
			isa = PBXGroup;
			children = (
				DC48569A27220086000F99B2 /* CurrencyExchange.app */,
			);
			name = Products;
			sourceTree = "<group>";
		};
		DC48569C27220086000F99B2 /* CurrencyExchange */ = {
			isa = PBXGroup;
			children = (
				DC48569D27220086000F99B2 /* AppDelegate.swift */,
				DC48569F27220086000F99B2 /* SceneDelegate.swift */,
				DC4856A127220086000F99B2 /* ViewController.swift */,
				DC4856A327220086000F99B2 /* Main.storyboard */,
				DC4856A627220087000F99B2 /* Assets.xcassets */,
				DC4856A827220087000F99B2 /* LaunchScreen.storyboard */,
				DC4856AB27220087000F99B2 /* Info.plist */,
			);
			path = CurrencyExchange;
			sourceTree = "<group>";
		};
/* End PBXGroup section */

/* Begin PBXNativeTarget section */
		DC48569927220086000F99B2 /* CurrencyExchange */ = {
			isa = PBXNativeTarget;
			buildConfigurationList = DC4856AE27220087000F99B2 /* Build configuration list for PBXNativeTarget "CurrencyExchange" */;
			buildPhases = (
				02A2CAB185EF1E9C0DE78D9B /* [CP] Check Pods Manifest.lock */,
				DC48569627220086000F99B2 /* Sources */,
				DC48569727220086000F99B2 /* Frameworks */,
				DC48569827220086000F99B2 /* Resources */,
				43A6DDDB02EB8CA181157DB7 /* [CP] Embed Pods Frameworks */,
			);
			buildRules = (
			);
			dependencies = (
			);
			name = CurrencyExchange;
			productName = CurrencyExchange;
			productReference = DC48569A27220086000F99B2 /* CurrencyExchange.app */;
			productType = "com.apple.product-type.application";
		};
/* End PBXNativeTarget section */

/* Begin PBXProject section */
		DC48569227220086000F99B2 /* Project object */ = {
			isa = PBXProject;
			attributes = {
				BuildIndependentTargetsInParallel = 1;
				LastSwiftUpdateCheck = 1300;
				LastUpgradeCheck = 1300;
				TargetAttributes = {
					DC48569927220086000F99B2 = {
						CreatedOnToolsVersion = 13.0;
					};
				};
			};
			buildConfigurationList = DC48569527220086000F99B2 /* Build configuration list for PBXProject "CurrencyExchange" */;
			compatibilityVersion = "Xcode 13.0";
			developmentRegion = en;
			hasScannedForEncodings = 0;
			knownRegions = (
				en,
				Base,
			);
			mainGroup = DC48569127220086000F99B2;
			productRefGroup = DC48569B27220086000F99B2 /* Products */;
			projectDirPath = "";
			projectRoot = "";
			targets = (
				DC48569927220086000F99B2 /* CurrencyExchange */,
			);
		};
/* End PBXProject section */

/* Begin PBXResourcesBuildPhase section */
		DC48569827220086000F99B2 /* Resources */ = {
			isa = PBXResourcesBuildPhase;
			buildActionMask = 2147483647;
			files = (
				DC4856AA27220087000F99B2 /* LaunchScreen.storyboard in Resources */,
				DC4856A727220087000F99B2 /* Assets.xcassets in Resources */,
				DC4856A527220086000F99B2 /* Main.storyboard in Resources */,
			);
			runOnlyForDeploymentPostprocessing = 0;
		};
/* End PBXResourcesBuildPhase section */

/* Begin PBXShellScriptBuildPhase section */
		02A2CAB185EF1E9C0DE78D9B /* [CP] Check Pods Manifest.lock */ = {
			isa = PBXShellScriptBuildPhase;
			buildActionMask = 2147483647;
			files = (
			);
			inputFileListPaths = (
			);
			inputPaths = (
				"${PODS_PODFILE_DIR_PATH}/Podfile.lock",
				"${PODS_ROOT}/Manifest.lock",
			);
			name = "[CP] Check Pods Manifest.lock";
			outputFileListPaths = (
			);
			outputPaths = (
				"$(DERIVED_FILE_DIR)/Pods-CurrencyExchange-checkManifestLockResult.txt",
			);
			runOnlyForDeploymentPostprocessing = 0;
			shellPath = /bin/sh;
			shellScript = "diff \"${PODS_PODFILE_DIR_PATH}/Podfile.lock\" \"${PODS_ROOT}/Manifest.lock\" > /dev/null\nif [ $? != 0 ] ; then\n    # print error to STDERR\n    echo \"error: The sandbox is not in sync with the Podfile.lock. Run 'pod install' or update your CocoaPods installation.\" >&2\n    exit 1\nfi\n# This output is used by Xcode 'outputs' to avoid re-running this script phase.\necho \"SUCCESS\" > \"${SCRIPT_OUTPUT_FILE_0}\"\n";
			showEnvVarsInLog = 0;
		};
		43A6DDDB02EB8CA181157DB7 /* [CP] Embed Pods Frameworks */ = {
			isa = PBXShellScriptBuildPhase;
			buildActionMask = 2147483647;
			files = (
			);
			inputFileListPaths = (
				"${PODS_ROOT}/Target Support Files/Pods-CurrencyExchange/Pods-CurrencyExchange-frameworks-${CONFIGURATION}-input-files.xcfilelist",
			);
			name = "[CP] Embed Pods Frameworks";
			outputFileListPaths = (
				"${PODS_ROOT}/Target Support Files/Pods-CurrencyExchange/Pods-CurrencyExchange-frameworks-${CONFIGURATION}-output-files.xcfilelist",
			);
			runOnlyForDeploymentPostprocessing = 0;
			shellPath = /bin/sh;
			shellScript = "\"${PODS_ROOT}/Target Support Files/Pods-CurrencyExchange/Pods-CurrencyExchange-frameworks.sh\"\n";
			showEnvVarsInLog = 0;
		};
/* End PBXShellScriptBuildPhase section */

/* Begin PBXSourcesBuildPhase section */
		DC48569627220086000F99B2 /* Sources */ = {
			isa = PBXSourcesBuildPhase;
			buildActionMask = 2147483647;
			files = (
				DC4856A227220086000F99B2 /* ViewController.swift in Sources */,
				DC48569E27220086000F99B2 /* AppDelegate.swift in Sources */,
				DC4856A027220086000F99B2 /* SceneDelegate.swift in Sources */,
			);
			runOnlyForDeploymentPostprocessing = 0;
		};
/* End PBXSourcesBuildPhase section */

/* Begin PBXVariantGroup section */
		DC4856A327220086000F99B2 /* Main.storyboard */ = {
			isa = PBXVariantGroup;
			children = (
				DC4856A427220086000F99B2 /* Base */,
			);
			name = Main.storyboard;
			sourceTree = "<group>";
		};
		DC4856A827220087000F99B2 /* LaunchScreen.storyboard */ = {
			isa = PBXVariantGroup;
			children = (
				DC4856A927220087000F99B2 /* Base */,
			);
			name = LaunchScreen.storyboard;
			sourceTree = "<group>";
		};
/* End PBXVariantGroup section */

/* Begin XCBuildConfiguration section */
		DC4856AC27220087000F99B2 /* Debug */ = {
			isa = XCBuildConfiguration;
			buildSettings = {
				ALWAYS_SEARCH_USER_PATHS = NO;
				CLANG_ANALYZER_NONNULL = YES;
				CLANG_ANALYZER_NUMBER_OBJECT_CONVERSION = YES_AGGRESSIVE;
				CLANG_CXX_LANGUAGE_STANDARD = "gnu++17";
				CLANG_CXX_LIBRARY = "libc++";
				CLANG_ENABLE_MODULES = YES;
				CLANG_ENABLE_OBJC_ARC = YES;
				CLANG_ENABLE_OBJC_WEAK = YES;
				CLANG_WARN_BLOCK_CAPTURE_AUTORELEASING = YES;
				CLANG_WARN_BOOL_CONVERSION = YES;
				CLANG_WARN_COMMA = YES;
				CLANG_WARN_CONSTANT_CONVERSION = YES;
				CLANG_WARN_DEPRECATED_OBJC_IMPLEMENTATIONS = YES;
				CLANG_WARN_DIRECT_OBJC_ISA_USAGE = YES_ERROR;
				CLANG_WARN_DOCUMENTATION_COMMENTS = YES;
				CLANG_WARN_EMPTY_BODY = YES;
				CLANG_WARN_ENUM_CONVERSION = YES;
				CLANG_WARN_INFINITE_RECURSION = YES;
				CLANG_WARN_INT_CONVERSION = YES;
				CLANG_WARN_NON_LITERAL_NULL_CONVERSION = YES;
				CLANG_WARN_OBJC_IMPLICIT_RETAIN_SELF = YES;
				CLANG_WARN_OBJC_LITERAL_CONVERSION = YES;
				CLANG_WARN_OBJC_ROOT_CLASS = YES_ERROR;
				CLANG_WARN_QUOTED_INCLUDE_IN_FRAMEWORK_HEADER = YES;
				CLANG_WARN_RANGE_LOOP_ANALYSIS = YES;
				CLANG_WARN_STRICT_PROTOTYPES = YES;
				CLANG_WARN_SUSPICIOUS_MOVE = YES;
				CLANG_WARN_UNGUARDED_AVAILABILITY = YES_AGGRESSIVE;
				CLANG_WARN_UNREACHABLE_CODE = YES;
				CLANG_WARN__DUPLICATE_METHOD_MATCH = YES;
				COPY_PHASE_STRIP = NO;
				DEBUG_INFORMATION_FORMAT = dwarf;
				ENABLE_STRICT_OBJC_MSGSEND = YES;
				ENABLE_TESTABILITY = YES;
				GCC_C_LANGUAGE_STANDARD = gnu11;
				GCC_DYNAMIC_NO_PIC = NO;
				GCC_NO_COMMON_BLOCKS = YES;
				GCC_OPTIMIZATION_LEVEL = 0;
				GCC_PREPROCESSOR_DEFINITIONS = (
					"DEBUG=1",
					"$(inherited)",
				);
				GCC_WARN_64_TO_32_BIT_CONVERSION = YES;
				GCC_WARN_ABOUT_RETURN_TYPE = YES_ERROR;
				GCC_WARN_UNDECLARED_SELECTOR = YES;
				GCC_WARN_UNINITIALIZED_AUTOS = YES_AGGRESSIVE;
				GCC_WARN_UNUSED_FUNCTION = YES;
				GCC_WARN_UNUSED_VARIABLE = YES;
				IPHONEOS_DEPLOYMENT_TARGET = 15.0;
				MTL_ENABLE_DEBUG_INFO = INCLUDE_SOURCE;
				MTL_FAST_MATH = YES;
				ONLY_ACTIVE_ARCH = YES;
				SDKROOT = iphoneos;
				SWIFT_ACTIVE_COMPILATION_CONDITIONS = DEBUG;
				SWIFT_OPTIMIZATION_LEVEL = "-Onone";
			};
			name = Debug;
		};
		DC4856AD27220087000F99B2 /* Release */ = {
			isa = XCBuildConfiguration;
			buildSettings = {
				ALWAYS_SEARCH_USER_PATHS = NO;
				CLANG_ANALYZER_NONNULL = YES;
				CLANG_ANALYZER_NUMBER_OBJECT_CONVERSION = YES_AGGRESSIVE;
				CLANG_CXX_LANGUAGE_STANDARD = "gnu++17";
				CLANG_CXX_LIBRARY = "libc++";
				CLANG_ENABLE_MODULES = YES;
				CLANG_ENABLE_OBJC_ARC = YES;
				CLANG_ENABLE_OBJC_WEAK = YES;
				CLANG_WARN_BLOCK_CAPTURE_AUTORELEASING = YES;
				CLANG_WARN_BOOL_CONVERSION = YES;
				CLANG_WARN_COMMA = YES;
				CLANG_WARN_CONSTANT_CONVERSION = YES;
				CLANG_WARN_DEPRECATED_OBJC_IMPLEMENTATIONS = YES;
				CLANG_WARN_DIRECT_OBJC_ISA_USAGE = YES_ERROR;
				CLANG_WARN_DOCUMENTATION_COMMENTS = YES;
				CLANG_WARN_EMPTY_BODY = YES;
				CLANG_WARN_ENUM_CONVERSION = YES;
				CLANG_WARN_INFINITE_RECURSION = YES;
				CLANG_WARN_INT_CONVERSION = YES;
				CLANG_WARN_NON_LITERAL_NULL_CONVERSION = YES;
				CLANG_WARN_OBJC_IMPLICIT_RETAIN_SELF = YES;
				CLANG_WARN_OBJC_LITERAL_CONVERSION = YES;
				CLANG_WARN_OBJC_ROOT_CLASS = YES_ERROR;
				CLANG_WARN_QUOTED_INCLUDE_IN_FRAMEWORK_HEADER = YES;
				CLANG_WARN_RANGE_LOOP_ANALYSIS = YES;
				CLANG_WARN_STRICT_PROTOTYPES = YES;
				CLANG_WARN_SUSPICIOUS_MOVE = YES;
				CLANG_WARN_UNGUARDED_AVAILABILITY = YES_AGGRESSIVE;
				CLANG_WARN_UNREACHABLE_CODE = YES;
				CLANG_WARN__DUPLICATE_METHOD_MATCH = YES;
				COPY_PHASE_STRIP = NO;
				DEBUG_INFORMATION_FORMAT = "dwarf-with-dsym";
				ENABLE_NS_ASSERTIONS = NO;
				ENABLE_STRICT_OBJC_MSGSEND = YES;
				GCC_C_LANGUAGE_STANDARD = gnu11;
				GCC_NO_COMMON_BLOCKS = YES;
				GCC_WARN_64_TO_32_BIT_CONVERSION = YES;
				GCC_WARN_ABOUT_RETURN_TYPE = YES_ERROR;
				GCC_WARN_UNDECLARED_SELECTOR = YES;
				GCC_WARN_UNINITIALIZED_AUTOS = YES_AGGRESSIVE;
				GCC_WARN_UNUSED_FUNCTION = YES;
				GCC_WARN_UNUSED_VARIABLE = YES;
				IPHONEOS_DEPLOYMENT_TARGET = 15.0;
				MTL_ENABLE_DEBUG_INFO = NO;
				MTL_FAST_MATH = YES;
				SDKROOT = iphoneos;
				SWIFT_COMPILATION_MODE = wholemodule;
				SWIFT_OPTIMIZATION_LEVEL = "-O";
				VALIDATE_PRODUCT = YES;
			};
			name = Release;
		};
		DC4856AF27220087000F99B2 /* Debug */ = {
			isa = XCBuildConfiguration;
			baseConfigurationReference = 4899643EA279E686AD577E96 /* Pods-CurrencyExchange.debug.xcconfig */;
			buildSettings = {
				ASSETCATALOG_COMPILER_APPICON_NAME = AppIcon;
				ASSETCATALOG_COMPILER_GLOBAL_ACCENT_COLOR_NAME = AccentColor;
				CODE_SIGN_STYLE = Automatic;
				CURRENT_PROJECT_VERSION = 1;
				GENERATE_INFOPLIST_FILE = YES;
				INFOPLIST_FILE = CurrencyExchange/Info.plist;
				INFOPLIST_KEY_UIApplicationSupportsIndirectInputEvents = YES;
				INFOPLIST_KEY_UILaunchStoryboardName = LaunchScreen;
				INFOPLIST_KEY_UIMainStoryboardFile = Main;
				INFOPLIST_KEY_UISupportedInterfaceOrientations_iPad = "UIInterfaceOrientationPortrait UIInterfaceOrientationPortraitUpsideDown UIInterfaceOrientationLandscapeLeft UIInterfaceOrientationLandscapeRight";
				INFOPLIST_KEY_UISupportedInterfaceOrientations_iPhone = "UIInterfaceOrientationPortrait UIInterfaceOrientationLandscapeLeft UIInterfaceOrientationLandscapeRight";
				LD_RUNPATH_SEARCH_PATHS = (
					"$(inherited)",
					"@executable_path/Frameworks",
				);
				MARKETING_VERSION = 1.0;
				PRODUCT_BUNDLE_IDENTIFIER = edu.northeastern.shang.CurrencyExchange;
				PRODUCT_NAME = "$(TARGET_NAME)";
				SWIFT_EMIT_LOC_STRINGS = YES;
				SWIFT_VERSION = 5.0;
				TARGETED_DEVICE_FAMILY = "1,2";
			};
			name = Debug;
		};
		DC4856B027220087000F99B2 /* Release */ = {
			isa = XCBuildConfiguration;
			baseConfigurationReference = B2E5337141E2ED906EF42EBF /* Pods-CurrencyExchange.release.xcconfig */;
			buildSettings = {
				ASSETCATALOG_COMPILER_APPICON_NAME = AppIcon;
				ASSETCATALOG_COMPILER_GLOBAL_ACCENT_COLOR_NAME = AccentColor;
				CODE_SIGN_STYLE = Automatic;
				CURRENT_PROJECT_VERSION = 1;
				GENERATE_INFOPLIST_FILE = YES;
				INFOPLIST_FILE = CurrencyExchange/Info.plist;
				INFOPLIST_KEY_UIApplicationSupportsIndirectInputEvents = YES;
				INFOPLIST_KEY_UILaunchStoryboardName = LaunchScreen;
				INFOPLIST_KEY_UIMainStoryboardFile = Main;
				INFOPLIST_KEY_UISupportedInterfaceOrientations_iPad = "UIInterfaceOrientationPortrait UIInterfaceOrientationPortraitUpsideDown UIInterfaceOrientationLandscapeLeft UIInterfaceOrientationLandscapeRight";
				INFOPLIST_KEY_UISupportedInterfaceOrientations_iPhone = "UIInterfaceOrientationPortrait UIInterfaceOrientationLandscapeLeft UIInterfaceOrientationLandscapeRight";
				LD_RUNPATH_SEARCH_PATHS = (
					"$(inherited)",
					"@executable_path/Frameworks",
				);
				MARKETING_VERSION = 1.0;
				PRODUCT_BUNDLE_IDENTIFIER = edu.northeastern.shang.CurrencyExchange;
				PRODUCT_NAME = "$(TARGET_NAME)";
				SWIFT_EMIT_LOC_STRINGS = YES;
				SWIFT_VERSION = 5.0;
				TARGETED_DEVICE_FAMILY = "1,2";
			};
			name = Release;
		};
/* End XCBuildConfiguration section */

/* Begin XCConfigurationList section */
		DC48569527220086000F99B2 /* Build configuration list for PBXProject "CurrencyExchange" */ = {
			isa = XCConfigurationList;
			buildConfigurations = (
				DC4856AC27220087000F99B2 /* Debug */,
				DC4856AD27220087000F99B2 /* Release */,
			);
			defaultConfigurationIsVisible = 0;
			defaultConfigurationName = Release;
		};
		DC4856AE27220087000F99B2 /* Build configuration list for PBXNativeTarget "CurrencyExchange" */ = {
			isa = XCConfigurationList;
			buildConfigurations = (
				DC4856AF27220087000F99B2 /* Debug */,
				DC4856B027220087000F99B2 /* Release */,
			);
			defaultConfigurationIsVisible = 0;
			defaultConfigurationName = Release;
		};
/* End XCConfigurationList section */
	};
	rootObject = DC48569227220086000F99B2 /* Project object */;
}
